// !$*UTF8*$!
{
	archiveVersion = 1;
	classes = {
	};
	objectVersion = 48;
	objects = {

/* Begin PBXBuildFile section */
		79D1564142F81B6FBA419DF6 /* Pods_breakpoint.framework in Frameworks */ = {isa = PBXBuildFile; fileRef = 439011CBD5AB682761523D03 /* Pods_breakpoint.framework */; };
		D21AB8CD205180360054C957 /* CreateGroupVC.swift in Sources */ = {isa = PBXBuildFile; fileRef = D21AB8CC205180360054C957 /* CreateGroupVC.swift */; };
		D24E49322058C92B002196E6 /* Profile.swift in Sources */ = {isa = PBXBuildFile; fileRef = D24E49312058C92B002196E6 /* Profile.swift */; };
		D252042920523D4A00CB483F /* UserCell.swift in Sources */ = {isa = PBXBuildFile; fileRef = D252042820523D4A00CB483F /* UserCell.swift */; };
		D252042B2052810B00CB483F /* GroupCell.swift in Sources */ = {isa = PBXBuildFile; fileRef = D252042A2052810B00CB483F /* GroupCell.swift */; };
		D25D0DFC2050F5DB009C716B /* MeVC.swift in Sources */ = {isa = PBXBuildFile; fileRef = D25D0DFB2050F5DB009C716B /* MeVC.swift */; };
		D25D0DFE2050FD7E009C716B /* CreatePostVC.swift in Sources */ = {isa = PBXBuildFile; fileRef = D25D0DFD2050FD7E009C716B /* CreatePostVC.swift */; };
		D25D0E012051146E009C716B /* UIViewExt.swift in Sources */ = {isa = PBXBuildFile; fileRef = D25D0E002051146E009C716B /* UIViewExt.swift */; };
		D25D0E03205122CE009C716B /* FeedCell.swift in Sources */ = {isa = PBXBuildFile; fileRef = D25D0E02205122CE009C716B /* FeedCell.swift */; };
		D25D0E062051248E009C716B /* Message.swift in Sources */ = {isa = PBXBuildFile; fileRef = D25D0E052051248E009C716B /* Message.swift */; };
		D2600476204F984500996F0F /* AppDelegate.swift in Sources */ = {isa = PBXBuildFile; fileRef = D2600475204F984500996F0F /* AppDelegate.swift */; };
		D2600478204F984500996F0F /* FeedVC.swift in Sources */ = {isa = PBXBuildFile; fileRef = D2600477204F984500996F0F /* FeedVC.swift */; };
		D260047A204F984500996F0F /* GroupVC.swift in Sources */ = {isa = PBXBuildFile; fileRef = D2600479204F984500996F0F /* GroupVC.swift */; };
		D260047D204F984500996F0F /* Main.storyboard in Resources */ = {isa = PBXBuildFile; fileRef = D260047B204F984500996F0F /* Main.storyboard */; };
		D260047F204F984500996F0F /* Assets.xcassets in Resources */ = {isa = PBXBuildFile; fileRef = D260047E204F984500996F0F /* Assets.xcassets */; };
		D2600482204F984500996F0F /* LaunchScreen.storyboard in Resources */ = {isa = PBXBuildFile; fileRef = D2600480204F984500996F0F /* LaunchScreen.storyboard */; };
		D260048B204F9DB100996F0F /* GoogleService-Info.plist in Resources */ = {isa = PBXBuildFile; fileRef = D260048A204F9DB100996F0F /* GoogleService-Info.plist */; };
		D260048E204FA1B300996F0F /* DataService.swift in Sources */ = {isa = PBXBuildFile; fileRef = D260048D204FA1B300996F0F /* DataService.swift */; };
		D2600490204FB1AA00996F0F /* AuthVC.swift in Sources */ = {isa = PBXBuildFile; fileRef = D260048F204FB1A900996F0F /* AuthVC.swift */; };
		D2600492204FB1F900996F0F /* LoginVC.swift in Sources */ = {isa = PBXBuildFile; fileRef = D2600491204FB1F900996F0F /* LoginVC.swift */; };
		D2600495204FB28600996F0F /* InsetTextField.swift in Sources */ = {isa = PBXBuildFile; fileRef = D2600494204FB28600996F0F /* InsetTextField.swift */; };
		D2600497204FB59700996F0F /* ShadowView.swift in Sources */ = {isa = PBXBuildFile; fileRef = D2600496204FB59700996F0F /* ShadowView.swift */; };
		D2600499204FBA9800996F0F /* AuthService.swift in Sources */ = {isa = PBXBuildFile; fileRef = D2600498204FBA9800996F0F /* AuthService.swift */; };
		D2688FBC20550B9A000E8579 /* Group.swift in Sources */ = {isa = PBXBuildFile; fileRef = D2688FBB20550B9A000E8579 /* Group.swift */; };
		D2688FBE2055164E000E8579 /* GroupFeedCell.swift in Sources */ = {isa = PBXBuildFile; fileRef = D2688FBD2055164E000E8579 /* GroupFeedCell.swift */; };
		D2688FC0205516CF000E8579 /* GroupFeedVC.swift in Sources */ = {isa = PBXBuildFile; fileRef = D2688FBF205516CF000E8579 /* GroupFeedVC.swift */; };
		D26BE60120564FE700A10EC9 /* UIViewControllerExt.swift in Sources */ = {isa = PBXBuildFile; fileRef = D26BE60020564FE700A10EC9 /* UIViewControllerExt.swift */; };
/* End PBXBuildFile section */

/* Begin PBXFileReference section */
		17991255062C9FB155F33AFB /* Pods-breakpoint.release.xcconfig */ = {isa = PBXFileReference; includeInIndex = 1; lastKnownFileType = text.xcconfig; name = "Pods-breakpoint.release.xcconfig"; path = "Pods/Target Support Files/Pods-breakpoint/Pods-breakpoint.release.xcconfig"; sourceTree = "<group>"; };
		439011CBD5AB682761523D03 /* Pods_breakpoint.framework */ = {isa = PBXFileReference; explicitFileType = wrapper.framework; includeInIndex = 0; path = Pods_breakpoint.framework; sourceTree = BUILT_PRODUCTS_DIR; };
		7D38D4A1D83766666FDE73B2 /* Pods-breakpoint.debug.xcconfig */ = {isa = PBXFileReference; includeInIndex = 1; lastKnownFileType = text.xcconfig; name = "Pods-breakpoint.debug.xcconfig"; path = "Pods/Target Support Files/Pods-breakpoint/Pods-breakpoint.debug.xcconfig"; sourceTree = "<group>"; };
		D21AB8CC205180360054C957 /* CreateGroupVC.swift */ = {isa = PBXFileReference; lastKnownFileType = sourcecode.swift; path = CreateGroupVC.swift; sourceTree = "<group>"; };
		D24E49312058C92B002196E6 /* Profile.swift */ = {isa = PBXFileReference; lastKnownFileType = sourcecode.swift; path = Profile.swift; sourceTree = "<group>"; };
		D252042820523D4A00CB483F /* UserCell.swift */ = {isa = PBXFileReference; lastKnownFileType = sourcecode.swift; path = UserCell.swift; sourceTree = "<group>"; };
		D252042A2052810B00CB483F /* GroupCell.swift */ = {isa = PBXFileReference; lastKnownFileType = sourcecode.swift; path = GroupCell.swift; sourceTree = "<group>"; };
		D25D0DFB2050F5DB009C716B /* MeVC.swift */ = {isa = PBXFileReference; lastKnownFileType = sourcecode.swift; path = MeVC.swift; sourceTree = "<group>"; };
		D25D0DFD2050FD7E009C716B /* CreatePostVC.swift */ = {isa = PBXFileReference; lastKnownFileType = sourcecode.swift; path = CreatePostVC.swift; sourceTree = "<group>"; };
		D25D0E002051146E009C716B /* UIViewExt.swift */ = {isa = PBXFileReference; lastKnownFileType = sourcecode.swift; path = UIViewExt.swift; sourceTree = "<group>"; };
		D25D0E02205122CE009C716B /* FeedCell.swift */ = {isa = PBXFileReference; lastKnownFileType = sourcecode.swift; path = FeedCell.swift; sourceTree = "<group>"; };
		D25D0E052051248E009C716B /* Message.swift */ = {isa = PBXFileReference; lastKnownFileType = sourcecode.swift; path = Message.swift; sourceTree = "<group>"; };
		D2600472204F984500996F0F /* breakpoint.app */ = {isa = PBXFileReference; explicitFileType = wrapper.application; includeInIndex = 0; path = breakpoint.app; sourceTree = BUILT_PRODUCTS_DIR; };
		D2600475204F984500996F0F /* AppDelegate.swift */ = {isa = PBXFileReference; lastKnownFileType = sourcecode.swift; path = AppDelegate.swift; sourceTree = "<group>"; };
		D2600477204F984500996F0F /* FeedVC.swift */ = {isa = PBXFileReference; lastKnownFileType = sourcecode.swift; path = FeedVC.swift; sourceTree = "<group>"; };
		D2600479204F984500996F0F /* GroupVC.swift */ = {isa = PBXFileReference; lastKnownFileType = sourcecode.swift; path = GroupVC.swift; sourceTree = "<group>"; };
		D260047C204F984500996F0F /* Base */ = {isa = PBXFileReference; lastKnownFileType = file.storyboard; name = Base; path = Base.lproj/Main.storyboard; sourceTree = "<group>"; };
		D260047E204F984500996F0F /* Assets.xcassets */ = {isa = PBXFileReference; lastKnownFileType = folder.assetcatalog; path = Assets.xcassets; sourceTree = "<group>"; };
		D2600481204F984500996F0F /* Base */ = {isa = PBXFileReference; lastKnownFileType = file.storyboard; name = Base; path = Base.lproj/LaunchScreen.storyboard; sourceTree = "<group>"; };
		D2600483204F984500996F0F /* Info.plist */ = {isa = PBXFileReference; lastKnownFileType = text.plist.xml; path = Info.plist; sourceTree = "<group>"; };
		D260048A204F9DB100996F0F /* GoogleService-Info.plist */ = {isa = PBXFileReference; fileEncoding = 4; lastKnownFileType = text.plist.xml; path = "GoogleService-Info.plist"; sourceTree = "<group>"; };
		D260048D204FA1B300996F0F /* DataService.swift */ = {isa = PBXFileReference; lastKnownFileType = sourcecode.swift; path = DataService.swift; sourceTree = "<group>"; };
		D260048F204FB1A900996F0F /* AuthVC.swift */ = {isa = PBXFileReference; lastKnownFileType = sourcecode.swift; path = AuthVC.swift; sourceTree = "<group>"; };
		D2600491204FB1F900996F0F /* LoginVC.swift */ = {isa = PBXFileReference; lastKnownFileType = sourcecode.swift; path = LoginVC.swift; sourceTree = "<group>"; };
		D2600494204FB28600996F0F /* InsetTextField.swift */ = {isa = PBXFileReference; lastKnownFileType = sourcecode.swift; path = InsetTextField.swift; sourceTree = "<group>"; };
		D2600496204FB59700996F0F /* ShadowView.swift */ = {isa = PBXFileReference; lastKnownFileType = sourcecode.swift; path = ShadowView.swift; sourceTree = "<group>"; };
		D2600498204FBA9800996F0F /* AuthService.swift */ = {isa = PBXFileReference; lastKnownFileType = sourcecode.swift; path = AuthService.swift; sourceTree = "<group>"; };
		D2688FBB20550B9A000E8579 /* Group.swift */ = {isa = PBXFileReference; lastKnownFileType = sourcecode.swift; path = Group.swift; sourceTree = "<group>"; };
		D2688FBD2055164E000E8579 /* GroupFeedCell.swift */ = {isa = PBXFileReference; lastKnownFileType = sourcecode.swift; path = GroupFeedCell.swift; sourceTree = "<group>"; };
		D2688FBF205516CF000E8579 /* GroupFeedVC.swift */ = {isa = PBXFileReference; lastKnownFileType = sourcecode.swift; path = GroupFeedVC.swift; sourceTree = "<group>"; };
		D26BE60020564FE700A10EC9 /* UIViewControllerExt.swift */ = {isa = PBXFileReference; lastKnownFileType = sourcecode.swift; path = UIViewControllerExt.swift; sourceTree = "<group>"; };
/* End PBXFileReference section */

/* Begin PBXFrameworksBuildPhase section */
		D260046F204F984500996F0F /* Frameworks */ = {
			isa = PBXFrameworksBuildPhase;
			buildActionMask = 2147483647;
			files = (
				79D1564142F81B6FBA419DF6 /* Pods_breakpoint.framework in Frameworks */,
			);
			runOnlyForDeploymentPostprocessing = 0;
		};
/* End PBXFrameworksBuildPhase section */

/* Begin PBXGroup section */
		849E9113047C0420AAA31D0A /* Frameworks */ = {
			isa = PBXGroup;
			children = (
				439011CBD5AB682761523D03 /* Pods_breakpoint.framework */,
			);
			name = Frameworks;
			sourceTree = "<group>";
		};
		D25D0DFF2051144F009C716B /* Extension */ = {
			isa = PBXGroup;
			children = (
				D25D0E002051146E009C716B /* UIViewExt.swift */,
				D26BE60020564FE700A10EC9 /* UIViewControllerExt.swift */,
			);
			path = Extension;
			sourceTree = "<group>";
		};
		D25D0E042051246C009C716B /* Model */ = {
			isa = PBXGroup;
			children = (
				D25D0E052051248E009C716B /* Message.swift */,
				D2688FBB20550B9A000E8579 /* Group.swift */,
				D24E49312058C92B002196E6 /* Profile.swift */,
			);
			path = Model;
			sourceTree = "<group>";
		};
		D2600469204F984500996F0F = {
			isa = PBXGroup;
			children = (
				D2600474204F984500996F0F /* breakpoint */,
				D2600473204F984500996F0F /* Products */,
				F8C6C74C28BD0B70DC66678F /* Pods */,
				849E9113047C0420AAA31D0A /* Frameworks */,
			);
			sourceTree = "<group>";
		};
		D2600473204F984500996F0F /* Products */ = {
			isa = PBXGroup;
			children = (
				D2600472204F984500996F0F /* breakpoint.app */,
			);
			name = Products;
			sourceTree = "<group>";
		};
		D2600474204F984500996F0F /* breakpoint */ = {
			isa = PBXGroup;
			children = (
				D25D0E042051246C009C716B /* Model */,
				D25D0DFF2051144F009C716B /* Extension */,
				D260048C204FA19000996F0F /* Services */,
				D2600493204FB23E00996F0F /* View */,
				D2600489204F99F200996F0F /* Controller */,
				D2600475204F984500996F0F /* AppDelegate.swift */,
				D260047B204F984500996F0F /* Main.storyboard */,
				D260047E204F984500996F0F /* Assets.xcassets */,
				D2600480204F984500996F0F /* LaunchScreen.storyboard */,
				D2600483204F984500996F0F /* Info.plist */,
				D260048A204F9DB100996F0F /* GoogleService-Info.plist */,
			);
			path = breakpoint;
			sourceTree = "<group>";
		};
		D2600489204F99F200996F0F /* Controller */ = {
			isa = PBXGroup;
			children = (
				D2600477204F984500996F0F /* FeedVC.swift */,
				D2600479204F984500996F0F /* GroupVC.swift */,
				D260048F204FB1A900996F0F /* AuthVC.swift */,
				D2600491204FB1F900996F0F /* LoginVC.swift */,
				D25D0DFB2050F5DB009C716B /* MeVC.swift */,
				D25D0DFD2050FD7E009C716B /* CreatePostVC.swift */,
				D21AB8CC205180360054C957 /* CreateGroupVC.swift */,
				D2688FBF205516CF000E8579 /* GroupFeedVC.swift */,
			);
			path = Controller;
			sourceTree = "<group>";
		};
		D260048C204FA19000996F0F /* Services */ = {
			isa = PBXGroup;
			children = (
				D260048D204FA1B300996F0F /* DataService.swift */,
				D2600498204FBA9800996F0F /* AuthService.swift */,
			);
			path = Services;
			sourceTree = "<group>";
		};
		D2600493204FB23E00996F0F /* View */ = {
			isa = PBXGroup;
			children = (
				D2600494204FB28600996F0F /* InsetTextField.swift */,
				D2600496204FB59700996F0F /* ShadowView.swift */,
				D25D0E02205122CE009C716B /* FeedCell.swift */,
				D252042820523D4A00CB483F /* UserCell.swift */,
				D252042A2052810B00CB483F /* GroupCell.swift */,
				D2688FBD2055164E000E8579 /* GroupFeedCell.swift */,
			);
			path = View;
			sourceTree = "<group>";
		};
		F8C6C74C28BD0B70DC66678F /* Pods */ = {
			isa = PBXGroup;
			children = (
				7D38D4A1D83766666FDE73B2 /* Pods-breakpoint.debug.xcconfig */,
				17991255062C9FB155F33AFB /* Pods-breakpoint.release.xcconfig */,
			);
			name = Pods;
			sourceTree = "<group>";
		};
/* End PBXGroup section */

/* Begin PBXNativeTarget section */
		D2600471204F984500996F0F /* breakpoint */ = {
			isa = PBXNativeTarget;
			buildConfigurationList = D2600486204F984500996F0F /* Build configuration list for PBXNativeTarget "breakpoint" */;
			buildPhases = (
				F24077FC3E0331633AD52E58 /* [CP] Check Pods Manifest.lock */,
				D260046E204F984500996F0F /* Sources */,
				D260046F204F984500996F0F /* Frameworks */,
				D2600470204F984500996F0F /* Resources */,
				F48552FC238248E7528EF3D1 /* [CP] Embed Pods Frameworks */,
				504F9BDEA895B319520779EB /* [CP] Copy Pods Resources */,
			);
			buildRules = (
			);
			dependencies = (
			);
			name = breakpoint;
			productName = breakpoint;
			productReference = D2600472204F984500996F0F /* breakpoint.app */;
			productType = "com.apple.product-type.application";
		};
/* End PBXNativeTarget section */

/* Begin PBXProject section */
		D260046A204F984500996F0F /* Project object */ = {
			isa = PBXProject;
			attributes = {
				LastSwiftUpdateCheck = 0920;
				LastUpgradeCheck = 0920;
				ORGANIZATIONNAME = "Satyia Anand";
				TargetAttributes = {
					D2600471204F984500996F0F = {
						CreatedOnToolsVersion = 9.2;
						ProvisioningStyle = Automatic;
					};
				};
			};
			buildConfigurationList = D260046D204F984500996F0F /* Build configuration list for PBXProject "breakpoint" */;
			compatibilityVersion = "Xcode 8.0";
			developmentRegion = en;
			hasScannedForEncodings = 0;
			knownRegions = (
				en,
				Base,
			);
			mainGroup = D2600469204F984500996F0F;
			productRefGroup = D2600473204F984500996F0F /* Products */;
			projectDirPath = "";
			projectRoot = "";
			targets = (
				D2600471204F984500996F0F /* breakpoint */,
			);
		};
/* End PBXProject section */

/* Begin PBXResourcesBuildPhase section */
		D2600470204F984500996F0F /* Resources */ = {
			isa = PBXResourcesBuildPhase;
			buildActionMask = 2147483647;
			files = (
				D2600482204F984500996F0F /* LaunchScreen.storyboard in Resources */,
				D260048B204F9DB100996F0F /* GoogleService-Info.plist in Resources */,
				D260047F204F984500996F0F /* Assets.xcassets in Resources */,
				D260047D204F984500996F0F /* Main.storyboard in Resources */,
			);
			runOnlyForDeploymentPostprocessing = 0;
		};
/* End PBXResourcesBuildPhase section */

/* Begin PBXShellScriptBuildPhase section */
		504F9BDEA895B319520779EB /* [CP] Copy Pods Resources */ = {
			isa = PBXShellScriptBuildPhase;
			buildActionMask = 2147483647;
			files = (
			);
			inputPaths = (
			);
			name = "[CP] Copy Pods Resources";
			outputPaths = (
			);
			runOnlyForDeploymentPostprocessing = 0;
			shellPath = /bin/sh;
			shellScript = "\"${SRCROOT}/Pods/Target Support Files/Pods-breakpoint/Pods-breakpoint-resources.sh\"\n";
			showEnvVarsInLog = 0;
		};
		F24077FC3E0331633AD52E58 /* [CP] Check Pods Manifest.lock */ = {
			isa = PBXShellScriptBuildPhase;
			buildActionMask = 2147483647;
			files = (
			);
			inputPaths = (
				"${PODS_PODFILE_DIR_PATH}/Podfile.lock",
				"${PODS_ROOT}/Manifest.lock",
			);
			name = "[CP] Check Pods Manifest.lock";
			outputPaths = (
				"$(DERIVED_FILE_DIR)/Pods-breakpoint-checkManifestLockResult.txt",
			);
			runOnlyForDeploymentPostprocessing = 0;
			shellPath = /bin/sh;
			shellScript = "diff \"${PODS_PODFILE_DIR_PATH}/Podfile.lock\" \"${PODS_ROOT}/Manifest.lock\" > /dev/null\nif [ $? != 0 ] ; then\n    # print error to STDERR\n    echo \"error: The sandbox is not in sync with the Podfile.lock. Run 'pod install' or update your CocoaPods installation.\" >&2\n    exit 1\nfi\n# This output is used by Xcode 'outputs' to avoid re-running this script phase.\necho \"SUCCESS\" > \"${SCRIPT_OUTPUT_FILE_0}\"\n";
			showEnvVarsInLog = 0;
		};
		F48552FC238248E7528EF3D1 /* [CP] Embed Pods Frameworks */ = {
			isa = PBXShellScriptBuildPhase;
			buildActionMask = 2147483647;
			files = (
			);
			inputPaths = (
				"${SRCROOT}/Pods/Target Support Files/Pods-breakpoint/Pods-breakpoint-frameworks.sh",
				"${BUILT_PRODUCTS_DIR}/GTMSessionFetcher/GTMSessionFetcher.framework",
				"${BUILT_PRODUCTS_DIR}/GoogleToolboxForMac/GoogleToolboxForMac.framework",
				"${BUILT_PRODUCTS_DIR}/leveldb-library/leveldb.framework",
				"${BUILT_PRODUCTS_DIR}/nanopb/nanopb.framework",
			);
			name = "[CP] Embed Pods Frameworks";
			outputPaths = (
				"${TARGET_BUILD_DIR}/${FRAMEWORKS_FOLDER_PATH}/GTMSessionFetcher.framework",
				"${TARGET_BUILD_DIR}/${FRAMEWORKS_FOLDER_PATH}/GoogleToolboxForMac.framework",
				"${TARGET_BUILD_DIR}/${FRAMEWORKS_FOLDER_PATH}/leveldb.framework",
				"${TARGET_BUILD_DIR}/${FRAMEWORKS_FOLDER_PATH}/nanopb.framework",
			);
			runOnlyForDeploymentPostprocessing = 0;
			shellPath = /bin/sh;
			shellScript = "\"${SRCROOT}/Pods/Target Support Files/Pods-breakpoint/Pods-breakpoint-frameworks.sh\"\n";
			showEnvVarsInLog = 0;
		};
/* End PBXShellScriptBuildPhase section */

/* Begin PBXSourcesBuildPhase section */
		D260046E204F984500996F0F /* Sources */ = {
			isa = PBXSourcesBuildPhase;
			buildActionMask = 2147483647;
			files = (
				D25D0E012051146E009C716B /* UIViewExt.swift in Sources */,
				D25D0E03205122CE009C716B /* FeedCell.swift in Sources */,
				D25D0DFC2050F5DB009C716B /* MeVC.swift in Sources */,
				D252042B2052810B00CB483F /* GroupCell.swift in Sources */,
				D2600490204FB1AA00996F0F /* AuthVC.swift in Sources */,
				D26BE60120564FE700A10EC9 /* UIViewControllerExt.swift in Sources */,
				D260047A204F984500996F0F /* GroupVC.swift in Sources */,
				D2688FC0205516CF000E8579 /* GroupFeedVC.swift in Sources */,
				D2688FBE2055164E000E8579 /* GroupFeedCell.swift in Sources */,
				D2600492204FB1F900996F0F /* LoginVC.swift in Sources */,
				D2600499204FBA9800996F0F /* AuthService.swift in Sources */,
				D2600476204F984500996F0F /* AppDelegate.swift in Sources */,
				D2688FBC20550B9A000E8579 /* Group.swift in Sources */,
				D252042920523D4A00CB483F /* UserCell.swift in Sources */,
				D21AB8CD205180360054C957 /* CreateGroupVC.swift in Sources */,
				D2600497204FB59700996F0F /* ShadowView.swift in Sources */,
				D25D0DFE2050FD7E009C716B /* CreatePostVC.swift in Sources */,
				D2600478204F984500996F0F /* FeedVC.swift in Sources */,
				D2600495204FB28600996F0F /* InsetTextField.swift in Sources */,
				D24E49322058C92B002196E6 /* Profile.swift in Sources */,
				D260048E204FA1B300996F0F /* DataService.swift in Sources */,
				D25D0E062051248E009C716B /* Message.swift in Sources */,
			);
			runOnlyForDeploymentPostprocessing = 0;
		};
/* End PBXSourcesBuildPhase section */

/* Begin PBXVariantGroup section */
		D260047B204F984500996F0F /* Main.storyboard */ = {
			isa = PBXVariantGroup;
			children = (
				D260047C204F984500996F0F /* Base */,
			);
			name = Main.storyboard;
			sourceTree = "<group>";
		};
		D2600480204F984500996F0F /* LaunchScreen.storyboard */ = {
			isa = PBXVariantGroup;
			children = (
				D2600481204F984500996F0F /* Base */,
			);
			name = LaunchScreen.storyboard;
			sourceTree = "<group>";
		};
/* End PBXVariantGroup section */

/* Begin XCBuildConfiguration section */
		D2600484204F984500996F0F /* Debug */ = {
			isa = XCBuildConfiguration;
			buildSettings = {
				ALWAYS_SEARCH_USER_PATHS = NO;
				CLANG_ANALYZER_NONNULL = YES;
				CLANG_ANALYZER_NUMBER_OBJECT_CONVERSION = YES_AGGRESSIVE;
				CLANG_CXX_LANGUAGE_STANDARD = "gnu++14";
				CLANG_CXX_LIBRARY = "libc++";
				CLANG_ENABLE_MODULES = YES;
				CLANG_ENABLE_OBJC_ARC = YES;
				CLANG_WARN_BLOCK_CAPTURE_AUTORELEASING = YES;
				CLANG_WARN_BOOL_CONVERSION = YES;
				CLANG_WARN_COMMA = YES;
				CLANG_WARN_CONSTANT_CONVERSION = YES;
				CLANG_WARN_DIRECT_OBJC_ISA_USAGE = YES_ERROR;
				CLANG_WARN_DOCUMENTATION_COMMENTS = YES;
				CLANG_WARN_EMPTY_BODY = YES;
				CLANG_WARN_ENUM_CONVERSION = YES;
				CLANG_WARN_INFINITE_RECURSION = YES;
				CLANG_WARN_INT_CONVERSION = YES;
				CLANG_WARN_NON_LITERAL_NULL_CONVERSION = YES;
				CLANG_WARN_OBJC_LITERAL_CONVERSION = YES;
				CLANG_WARN_OBJC_ROOT_CLASS = YES_ERROR;
				CLANG_WARN_RANGE_LOOP_ANALYSIS = YES;
				CLANG_WARN_STRICT_PROTOTYPES = YES;
				CLANG_WARN_SUSPICIOUS_MOVE = YES;
				CLANG_WARN_UNGUARDED_AVAILABILITY = YES_AGGRESSIVE;
				CLANG_WARN_UNREACHABLE_CODE = YES;
				CLANG_WARN__DUPLICATE_METHOD_MATCH = YES;
				CODE_SIGN_IDENTITY = "iPhone Developer";
				COPY_PHASE_STRIP = NO;
				DEBUG_INFORMATION_FORMAT = dwarf;
				ENABLE_STRICT_OBJC_MSGSEND = YES;
				ENABLE_TESTABILITY = YES;
				GCC_C_LANGUAGE_STANDARD = gnu11;
				GCC_DYNAMIC_NO_PIC = NO;
				GCC_NO_COMMON_BLOCKS = YES;
				GCC_OPTIMIZATION_LEVEL = 0;
				GCC_PREPROCESSOR_DEFINITIONS = (
					"DEBUG=1",
					"$(inherited)",
				);
				GCC_WARN_64_TO_32_BIT_CONVERSION = YES;
				GCC_WARN_ABOUT_RETURN_TYPE = YES_ERROR;
				GCC_WARN_UNDECLARED_SELECTOR = YES;
				GCC_WARN_UNINITIALIZED_AUTOS = YES_AGGRESSIVE;
				GCC_WARN_UNUSED_FUNCTION = YES;
				GCC_WARN_UNUSED_VARIABLE = YES;
				IPHONEOS_DEPLOYMENT_TARGET = 11.2;
				MTL_ENABLE_DEBUG_INFO = YES;
				ONLY_ACTIVE_ARCH = YES;
				SDKROOT = iphoneos;
				SWIFT_ACTIVE_COMPILATION_CONDITIONS = DEBUG;
				SWIFT_OPTIMIZATION_LEVEL = "-Onone";
			};
			name = Debug;
		};
		D2600485204F984500996F0F /* Release */ = {
			isa = XCBuildConfiguration;
			buildSettings = {
				ALWAYS_SEARCH_USER_PATHS = NO;
				CLANG_ANALYZER_NONNULL = YES;
				CLANG_ANALYZER_NUMBER_OBJECT_CONVERSION = YES_AGGRESSIVE;
				CLANG_CXX_LANGUAGE_STANDARD = "gnu++14";
				CLANG_CXX_LIBRARY = "libc++";
				CLANG_ENABLE_MODULES = YES;
				CLANG_ENABLE_OBJC_ARC = YES;
				CLANG_WARN_BLOCK_CAPTURE_AUTORELEASING = YES;
				CLANG_WARN_BOOL_CONVERSION = YES;
				CLANG_WARN_COMMA = YES;
				CLANG_WARN_CONSTANT_CONVERSION = YES;
				CLANG_WARN_DIRECT_OBJC_ISA_USAGE = YES_ERROR;
				CLANG_WARN_DOCUMENTATION_COMMENTS = YES;
				CLANG_WARN_EMPTY_BODY = YES;
				CLANG_WARN_ENUM_CONVERSION = YES;
				CLANG_WARN_INFINITE_RECURSION = YES;
				CLANG_WARN_INT_CONVERSION = YES;
				CLANG_WARN_NON_LITERAL_NULL_CONVERSION = YES;
				CLANG_WARN_OBJC_LITERAL_CONVERSION = YES;
				CLANG_WARN_OBJC_ROOT_CLASS = YES_ERROR;
				CLANG_WARN_RANGE_LOOP_ANALYSIS = YES;
				CLANG_WARN_STRICT_PROTOTYPES = YES;
				CLANG_WARN_SUSPICIOUS_MOVE = YES;
				CLANG_WARN_UNGUARDED_AVAILABILITY = YES_AGGRESSIVE;
				CLANG_WARN_UNREACHABLE_CODE = YES;
				CLANG_WARN__DUPLICATE_METHOD_MATCH = YES;
				CODE_SIGN_IDENTITY = "iPhone Developer";
				COPY_PHASE_STRIP = NO;
				DEBUG_INFORMATION_FORMAT = "dwarf-with-dsym";
				ENABLE_NS_ASSERTIONS = NO;
				ENABLE_STRICT_OBJC_MSGSEND = YES;
				GCC_C_LANGUAGE_STANDARD = gnu11;
				GCC_NO_COMMON_BLOCKS = YES;
				GCC_WARN_64_TO_32_BIT_CONVERSION = YES;
				GCC_WARN_ABOUT_RETURN_TYPE = YES_ERROR;
				GCC_WARN_UNDECLARED_SELECTOR = YES;
				GCC_WARN_UNINITIALIZED_AUTOS = YES_AGGRESSIVE;
				GCC_WARN_UNUSED_FUNCTION = YES;
				GCC_WARN_UNUSED_VARIABLE = YES;
				IPHONEOS_DEPLOYMENT_TARGET = 11.2;
				MTL_ENABLE_DEBUG_INFO = NO;
				SDKROOT = iphoneos;
				SWIFT_OPTIMIZATION_LEVEL = "-Owholemodule";
				VALIDATE_PRODUCT = YES;
			};
			name = Release;
		};
		D2600487204F984500996F0F /* Debug */ = {
			isa = XCBuildConfiguration;
			baseConfigurationReference = 7D38D4A1D83766666FDE73B2 /* Pods-breakpoint.debug.xcconfig */;
			buildSettings = {
				ASSETCATALOG_COMPILER_APPICON_NAME = AppIcon;
				CODE_SIGN_STYLE = Automatic;
				DEVELOPMENT_TEAM = 93SA3SA2TF;
				INFOPLIST_FILE = breakpoint/Info.plist;
				LD_RUNPATH_SEARCH_PATHS = "$(inherited) @executable_path/Frameworks";
				PRODUCT_BUNDLE_IDENTIFIER = strydhr.com.breakpoint;
				PRODUCT_NAME = "$(TARGET_NAME)";
				SWIFT_VERSION = 4.0;
				TARGETED_DEVICE_FAMILY = 1;
			};
			name = Debug;
		};
		D2600488204F984500996F0F /* Release */ = {
			isa = XCBuildConfiguration;
			baseConfigurationReference = 17991255062C9FB155F33AFB /* Pods-breakpoint.release.xcconfig */;
			buildSettings = {
				ASSETCATALOG_COMPILER_APPICON_NAME = AppIcon;
				CODE_SIGN_STYLE = Automatic;
				DEVELOPMENT_TEAM = 93SA3SA2TF;
				INFOPLIST_FILE = breakpoint/Info.plist;
				LD_RUNPATH_SEARCH_PATHS = "$(inherited) @executable_path/Frameworks";
				PRODUCT_BUNDLE_IDENTIFIER = strydhr.com.breakpoint;
				PRODUCT_NAME = "$(TARGET_NAME)";
				SWIFT_VERSION = 4.0;
				TARGETED_DEVICE_FAMILY = 1;
			};
			name = Release;
		};
/* End XCBuildConfiguration section */

/* Begin XCConfigurationList section */
		D260046D204F984500996F0F /* Build configuration list for PBXProject "breakpoint" */ = {
			isa = XCConfigurationList;
			buildConfigurations = (
				D2600484204F984500996F0F /* Debug */,
				D2600485204F984500996F0F /* Release */,
			);
			defaultConfigurationIsVisible = 0;
			defaultConfigurationName = Release;
		};
		D2600486204F984500996F0F /* Build configuration list for PBXNativeTarget "breakpoint" */ = {
			isa = XCConfigurationList;
			buildConfigurations = (
				D2600487204F984500996F0F /* Debug */,
				D2600488204F984500996F0F /* Release */,
			);
			defaultConfigurationIsVisible = 0;
			defaultConfigurationName = Release;
		};
/* End XCConfigurationList section */
	};
	rootObject = D260046A204F984500996F0F /* Project object */;
}
